
Microsoft Visual Studio Solution File, Format Version 12.00
# Visual Studio Version 17
VisualStudioVersion = 17.7.34018.315
MinimumVisualStudioVersion = 10.0.40219.1
Project("{FAE04EC0-301F-11D3-BF4B-00C04F79EFBC}") = "Asm03_17_VuDucHuy", "Asm03_17_VuDucHuy.csproj", "{91A247BA-F316-4083-BD56-12179B19D8C3}"
EndProject
Global
	GlobalSection(SolutionConfigurationPlatforms) = preSolution
		Debug|Any CPU = Debug|Any CPU
		Release|Any CPU = Release|Any CPU
	EndGlobalSection
	GlobalSection(ProjectConfigurationPlatforms) = postSolution
		{91A247BA-F316-4083-BD56-12179B19D8C3}.Debug|Any CPU.ActiveCfg = Debug|Any CPU
		{91A247BA-F316-4083-BD56-12179B19D8C3}.Debug|Any CPU.Build.0 = Debug|Any CPU
		{91A247BA-F316-4083-BD56-12179B19D8C3}.Release|Any CPU.ActiveCfg = Release|Any CPU
		{91A247BA-F316-4083-BD56-12179B19D8C3}.Release|Any CPU.Build.0 = Release|Any CPU
	EndGlobalSection
	GlobalSection(SolutionProperties) = preSolution
		HideSolutionNode = FALSE
	EndGlobalSection
	GlobalSection(ExtensibilityGlobals) = postSolution
		SolutionGuid = {D8CADD85-338C-4724-9A3C-2037800D8155}
	EndGlobalSection
EndGlobal
